
Microsoft Visual Studio Solution File, Format Version 11.00
# Visual Studio 2010
Project("{FAE04EC0-301F-11D3-BF4B-00C04F79EFBC}") = "Assembly-CSharp", "Assembly-CSharp.csproj", "{D8C7C02C-8A8B-B31E-CFF6-35E0E551149A}"
EndProject
Project("{FAE04EC0-301F-11D3-BF4B-00C04F79EFBC}") = "Unity.DemoTeam.DigitalHuman.ShaderLibrary", "Unity.DemoTeam.DigitalHuman.ShaderLibrary.csproj", "{AD278501-8D68-D9F2-77AB-94C20E8B137C}"
EndProject
Project("{FAE04EC0-301F-11D3-BF4B-00C04F79EFBC}") = "Assembly-CSharp-Editor", "Assembly-CSharp-Editor.csproj", "{3B46AFE3-6053-C233-54D8-7FE99EFE6F9A}"
EndProject
Global
	GlobalSection(SolutionConfigurationPlatforms) = preSolution
		Debug|Any CPU = Debug|Any CPU
		Release|Any CPU = Release|Any CPU
	EndGlobalSection
	GlobalSection(ProjectConfigurationPlatforms) = postSolution
		{D8C7C02C-8A8B-B31E-CFF6-35E0E551149A}.Debug|Any CPU.ActiveCfg = Debug|Any CPU
		{D8C7C02C-8A8B-B31E-CFF6-35E0E551149A}.Debug|Any CPU.Build.0 = Debug|Any CPU
		{D8C7C02C-8A8B-B31E-CFF6-35E0E551149A}.Release|Any CPU.ActiveCfg = Release|Any CPU
		{D8C7C02C-8A8B-B31E-CFF6-35E0E551149A}.Release|Any CPU.Build.0 = Release|Any CPU
		{AD278501-8D68-D9F2-77AB-94C20E8B137C}.Debug|Any CPU.ActiveCfg = Debug|Any CPU
		{AD278501-8D68-D9F2-77AB-94C20E8B137C}.Debug|Any CPU.Build.0 = Debug|Any CPU
		{AD278501-8D68-D9F2-77AB-94C20E8B137C}.Release|Any CPU.ActiveCfg = Release|Any CPU
		{AD278501-8D68-D9F2-77AB-94C20E8B137C}.Release|Any CPU.Build.0 = Release|Any CPU
		{3B46AFE3-6053-C233-54D8-7FE99EFE6F9A}.Debug|Any CPU.ActiveCfg = Debug|Any CPU
		{3B46AFE3-6053-C233-54D8-7FE99EFE6F9A}.Debug|Any CPU.Build.0 = Debug|Any CPU
		{3B46AFE3-6053-C233-54D8-7FE99EFE6F9A}.Release|Any CPU.ActiveCfg = Release|Any CPU
		{3B46AFE3-6053-C233-54D8-7FE99EFE6F9A}.Release|Any CPU.Build.0 = Release|Any CPU
	EndGlobalSection
	GlobalSection(SolutionProperties) = preSolution
		HideSolutionNode = FALSE
	EndGlobalSection
EndGlobal
